<?xml version="1.0" encoding="utf-8"?>
<Project ToolsVersion="4.0" xmlns="http://schemas.microsoft.com/developer/msbuild/2003">
  <ItemGroup>
    <Filter Include="源文件">
      <UniqueIdentifier>{4FC737F1-C7A5-4376-A066-2A32D752A2FF}</UniqueIdentifier>
      <Extensions>cpp;c;cc;cxx;def;odl;idl;hpj;bat;asm;asmx</Extensions>
    </Filter>
    <Filter Include="头文件">
      <UniqueIdentifier>{93995380-89BD-4b04-88EB-625FBE52EBFB}</UniqueIdentifier>
      <Extensions>h;hpp;hxx;hm;inl;inc;xsd</Extensions>
    </Filter>
    <Filter Include="资源文件">
      <UniqueIdentifier>{67DA6AB6-F800-4c08-8B7A-83BB121AAD01}</UniqueIdentifier>
      <Extensions>rc;ico;cur;bmp;dlg;rc2;rct;bin;rgs;gif;jpg;jpeg;jpe;resx;tiff;tif;png;wav;mfcribbon-ms</Extensions>
    </Filter>
  </ItemGroup>
  <ItemGroup>
    <ClInclude Include="common\rc.h">
      <Filter>头文件</Filter>
    </ClInclude>
    <ClInclude Include="filesystem\bufmanager\BufPageManager.h">
      <Filter>头文件</Filter>
    </ClInclude>
    <ClInclude Include="filesystem\bufmanager\FindReplace.h">
      <Filter>头文件</Filter>
    </ClInclude>
    <ClInclude Include="filesystem\fileio\FileManager.h">
      <Filter>头文件</Filter>
    </ClInclude>
    <ClInclude Include="filesystem\fileio\FileTable.h">
      <Filter>头文件</Filter>
    </ClInclude>
    <ClInclude Include="filesystem\utils\compare.h">
      <Filter>头文件</Filter>
    </ClInclude>
    <ClInclude Include="filesystem\utils\MyBitMap.h">
      <Filter>头文件</Filter>
    </ClInclude>
    <ClInclude Include="filesystem\utils\MyHashMap.h">
      <Filter>头文件</Filter>
    </ClInclude>
    <ClInclude Include="filesystem\utils\MyLinkList.h">
      <Filter>头文件</Filter>
    </ClInclude>
    <ClInclude Include="filesystem\utils\pagedef.h">
      <Filter>头文件</Filter>
    </ClInclude>
    <ClInclude Include="storage\Record.h">
      <Filter>头文件</Filter>
    </ClInclude>
    <ClInclude Include="storage\rmm.h">
      <Filter>头文件</Filter>
    </ClInclude>
    <ClInclude Include="storage\Table.h">
      <Filter>头文件</Filter>
    </ClInclude>
    <ClInclude Include="storage\Type.h">
      <Filter>头文件</Filter>
    </ClInclude>
    <ClInclude Include="storage\Var.h">
      <Filter>头文件</Filter>
    </ClInclude>
    <ClInclude Include="storage\TableIterator.h">
      <Filter>头文件</Filter>
    </ClInclude>
    <ClInclude Include="query\qlm.h">
      <Filter>头文件</Filter>
    </ClInclude>
    <ClInclude Include="common\Condition.h">
      <Filter>头文件</Filter>
    </ClInclude>
    <ClInclude Include="systemm\dbManager.h">
      <Filter>头文件</Filter>
    </ClInclude>
    <ClInclude Include="systemm\createDb.h">
      <Filter>头文件</Filter>
    </ClInclude>
    <ClInclude Include="common\socket.h">
      <Filter>头文件</Filter>
    </ClInclude>
    <ClInclude Include="common\IO.h">
      <Filter>头文件</Filter>
    </ClInclude>
  </ItemGroup>
  <ItemGroup>
    <ClCompile Include="storage\Table.cpp">
      <Filter>源文件</Filter>
    </ClCompile>
    <ClCompile Include="storage\teststorage.cpp">
      <Filter>源文件</Filter>
    </ClCompile>
    <ClCompile Include="filesystem\testfilesystem.cpp">
      <Filter>源文件</Filter>
    </ClCompile>
    <ClCompile Include="storage\Var.cpp">
      <Filter>源文件</Filter>
    </ClCompile>
    <ClCompile Include="query\qlm.cpp">
      <Filter>源文件</Filter>
    </ClCompile>
    <ClCompile Include="query\parse.cpp">
      <Filter>源文件</Filter>
    </ClCompile>
    <ClCompile Include="systemm\dbManager.cpp">
      <Filter>源文件</Filter>
    </ClCompile>
    <ClCompile Include="systemm\createDb.cpp">
      <Filter>源文件</Filter>
    </ClCompile>
    <ClCompile Include="common\socket.cpp">
      <Filter>源文件</Filter>
    </ClCompile>
  </ItemGroup>
</Project>